
Microsoft Visual Studio Solution File, Format Version 12.00
# Visual Studio Version 17
VisualStudioVersion = 17.9.34728.123
MinimumVisualStudioVersion = 10.0.40219.1
Project("{FAE04EC0-301F-11D3-BF4B-00C04F79EFBC}") = "HRMPortalv1.Server", "HRMPortalv1.Server\HRMPortalv1.Server.csproj", "{3374DA41-67C8-4DA5-94B1-D4B455B3D948}"
EndProject
Project("{54A90642-561A-4BB1-A94E-469ADEE60C69}") = "hrmportalv1.client", "hrmportalv1.client\hrmportalv1.client.esproj", "{24C43AED-F4F0-4220-8A39-D90A9EF4FDF2}"
EndProject
Global
	GlobalSection(SolutionConfigurationPlatforms) = preSolution
		Debug|Any CPU = Debug|Any CPU
		Release|Any CPU = Release|Any CPU
	EndGlobalSection
	GlobalSection(ProjectConfigurationPlatforms) = postSolution
		{3374DA41-67C8-4DA5-94B1-D4B455B3D948}.Debug|Any CPU.ActiveCfg = Debug|Any CPU
		{3374DA41-67C8-4DA5-94B1-D4B455B3D948}.Debug|Any CPU.Build.0 = Debug|Any CPU
		{3374DA41-67C8-4DA5-94B1-D4B455B3D948}.Release|Any CPU.ActiveCfg = Release|Any CPU
		{3374DA41-67C8-4DA5-94B1-D4B455B3D948}.Release|Any CPU.Build.0 = Release|Any CPU
		{24C43AED-F4F0-4220-8A39-D90A9EF4FDF2}.Debug|Any CPU.ActiveCfg = Debug|Any CPU
		{24C43AED-F4F0-4220-8A39-D90A9EF4FDF2}.Debug|Any CPU.Build.0 = Debug|Any CPU
		{24C43AED-F4F0-4220-8A39-D90A9EF4FDF2}.Debug|Any CPU.Deploy.0 = Debug|Any CPU
		{24C43AED-F4F0-4220-8A39-D90A9EF4FDF2}.Release|Any CPU.ActiveCfg = Release|Any CPU
		{24C43AED-F4F0-4220-8A39-D90A9EF4FDF2}.Release|Any CPU.Build.0 = Release|Any CPU
		{24C43AED-F4F0-4220-8A39-D90A9EF4FDF2}.Release|Any CPU.Deploy.0 = Release|Any CPU
	EndGlobalSection
	GlobalSection(SolutionProperties) = preSolution
		HideSolutionNode = FALSE
	EndGlobalSection
	GlobalSection(ExtensibilityGlobals) = postSolution
		SolutionGuid = {5F62B99C-755E-4CCA-A655-6A22470F1D25}
	EndGlobalSection
EndGlobal
